
Microsoft Visual Studio Solution File, Format Version 12.00
# Visual Studio Version 17
VisualStudioVersion = 17.0.31903.59
MinimumVisualStudioVersion = 10.0.40219.1
Project("{2150E333-8FDC-42A3-9474-1A3956D46DE8}") = "Contruum", "Contruum", "{7DDF5B05-5A92-4242-9BE5-3E9AE6B59D26}"
EndProject
Project("{FAE04EC0-301F-11D3-BF4B-00C04F79EFBC}") = "Contruum.Server", "Contruum\Contruum.Server\Contruum.Server.csproj", "{C2E099BD-F46B-4106-BA39-44234436B51C}"
EndProject
Global
	GlobalSection(SolutionConfigurationPlatforms) = preSolution
		Debug|Any CPU = Debug|Any CPU
		Release|Any CPU = Release|Any CPU
	EndGlobalSection
	GlobalSection(SolutionProperties) = preSolution
		HideSolutionNode = FALSE
	EndGlobalSection
	GlobalSection(ProjectConfigurationPlatforms) = postSolution
		{C2E099BD-F46B-4106-BA39-44234436B51C}.Debug|Any CPU.ActiveCfg = Debug|Any CPU
		{C2E099BD-F46B-4106-BA39-44234436B51C}.Debug|Any CPU.Build.0 = Debug|Any CPU
		{C2E099BD-F46B-4106-BA39-44234436B51C}.Release|Any CPU.ActiveCfg = Release|Any CPU
		{C2E099BD-F46B-4106-BA39-44234436B51C}.Release|Any CPU.Build.0 = Release|Any CPU
	EndGlobalSection
	GlobalSection(NestedProjects) = preSolution
		{C2E099BD-F46B-4106-BA39-44234436B51C} = {7DDF5B05-5A92-4242-9BE5-3E9AE6B59D26}
	EndGlobalSection
EndGlobal
